
Microsoft Visual Studio Solution File, Format Version 12.00
# Visual Studio Version 16
VisualStudioVersion = 16.0.30621.155
MinimumVisualStudioVersion = 10.0.40219.1
Project("{FAE04EC0-301F-11D3-BF4B-00C04F79EFBC}") = "lab13", "lab13\lab13.csproj", "{04223A27-D74B-4E3E-9387-3794BA01144F}"
EndProject
Global
	GlobalSection(SolutionConfigurationPlatforms) = preSolution
		Debug|Any CPU = Debug|Any CPU
		Release|Any CPU = Release|Any CPU
	EndGlobalSection
	GlobalSection(ProjectConfigurationPlatforms) = postSolution
		{04223A27-D74B-4E3E-9387-3794BA01144F}.Debug|Any CPU.ActiveCfg = Debug|Any CPU
		{04223A27-D74B-4E3E-9387-3794BA01144F}.Debug|Any CPU.Build.0 = Debug|Any CPU
		{04223A27-D74B-4E3E-9387-3794BA01144F}.Release|Any CPU.ActiveCfg = Release|Any CPU
		{04223A27-D74B-4E3E-9387-3794BA01144F}.Release|Any CPU.Build.0 = Release|Any CPU
	EndGlobalSection
	GlobalSection(SolutionProperties) = preSolution
		HideSolutionNode = FALSE
	EndGlobalSection
	GlobalSection(ExtensibilityGlobals) = postSolution
		SolutionGuid = {EE3E94F3-3D6C-42F9-8097-DE6FE6B47A49}
	EndGlobalSection
EndGlobal
